// !$*UTF8*$!
{
	archiveVersion = 1;
	classes = {
	};
	objectVersion = 50;
	objects = {

/* Begin PBXBuildFile section */
		080D749E25779B99007921DB /* Day 1.swift in Sources */ = {isa = PBXBuildFile; fileRef = 080D749D25779B99007921DB /* Day 1.swift */; };
		080D74A725779C2B007921DB /* main.swift in Sources */ = {isa = PBXBuildFile; fileRef = 080D74A625779C2B007921DB /* main.swift */; };
		080D74AA25779C91007921DB /* Day 2.swift in Sources */ = {isa = PBXBuildFile; fileRef = 080D74A925779C91007921DB /* Day 2.swift */; };
		080D74BE2577A11E007921DB /* Input_day_2.swift in Sources */ = {isa = PBXBuildFile; fileRef = 080D74BD2577A11E007921DB /* Input_day_2.swift */; };
		082924842578FCC100344866 /* Day 3.swift in Sources */ = {isa = PBXBuildFile; fileRef = 082924832578FCC100344866 /* Day 3.swift */; };
		082924872578FCD000344866 /* Input_day_3.swift in Sources */ = {isa = PBXBuildFile; fileRef = 082924862578FCD000344866 /* Input_day_3.swift */; };
		08689A622577AD6600DB080C /* Input_day_1.swift in Sources */ = {isa = PBXBuildFile; fileRef = 08689A612577AD6600DB080C /* Input_day_1.swift */; };
/* End PBXBuildFile section */

/* Begin PBXCopyFilesBuildPhase section */
		080D749825779B99007921DB /* CopyFiles */ = {
			isa = PBXCopyFilesBuildPhase;
			buildActionMask = 2147483647;
			dstPath = /usr/share/man/man1/;
			dstSubfolderSpec = 0;
			files = (
			);
			runOnlyForDeploymentPostprocessing = 1;
		};
/* End PBXCopyFilesBuildPhase section */

/* Begin PBXFileReference section */
		080D749A25779B99007921DB /* Advent of Code */ = {isa = PBXFileReference; explicitFileType = "compiled.mach-o.executable"; includeInIndex = 0; path = "Advent of Code"; sourceTree = BUILT_PRODUCTS_DIR; };
		080D749D25779B99007921DB /* Day 1.swift */ = {isa = PBXFileReference; lastKnownFileType = sourcecode.swift; path = "Day 1.swift"; sourceTree = "<group>"; };
		080D74A625779C2B007921DB /* main.swift */ = {isa = PBXFileReference; lastKnownFileType = sourcecode.swift; path = main.swift; sourceTree = "<group>"; };
		080D74A925779C91007921DB /* Day 2.swift */ = {isa = PBXFileReference; lastKnownFileType = sourcecode.swift; path = "Day 2.swift"; sourceTree = "<group>"; };
		080D74AF25779D33007921DB /* README.md */ = {isa = PBXFileReference; lastKnownFileType = net.daringfireball.markdown; path = README.md; sourceTree = "<group>"; };
		080D74BD2577A11E007921DB /* Input_day_2.swift */ = {isa = PBXFileReference; lastKnownFileType = sourcecode.swift; path = Input_day_2.swift; sourceTree = "<group>"; };
		082924832578FCC100344866 /* Day 3.swift */ = {isa = PBXFileReference; lastKnownFileType = sourcecode.swift; path = "Day 3.swift"; sourceTree = "<group>"; };
		082924862578FCD000344866 /* Input_day_3.swift */ = {isa = PBXFileReference; lastKnownFileType = sourcecode.swift; path = Input_day_3.swift; sourceTree = "<group>"; };
		08689A612577AD6600DB080C /* Input_day_1.swift */ = {isa = PBXFileReference; lastKnownFileType = sourcecode.swift; path = Input_day_1.swift; sourceTree = "<group>"; };
/* End PBXFileReference section */

/* Begin PBXFrameworksBuildPhase section */
		080D749725779B99007921DB /* Frameworks */ = {
			isa = PBXFrameworksBuildPhase;
			buildActionMask = 2147483647;
			files = (
			);
			runOnlyForDeploymentPostprocessing = 0;
		};
/* End PBXFrameworksBuildPhase section */

/* Begin PBXGroup section */
		080D749125779B99007921DB = {
			isa = PBXGroup;
			children = (
				080D74AF25779D33007921DB /* README.md */,
				080D749C25779B99007921DB /* Advent of Code */,
				080D749B25779B99007921DB /* Products */,
			);
			sourceTree = "<group>";
		};
		080D749B25779B99007921DB /* Products */ = {
			isa = PBXGroup;
			children = (
				080D749A25779B99007921DB /* Advent of Code */,
			);
			name = Products;
			sourceTree = "<group>";
		};
		080D749C25779B99007921DB /* Advent of Code */ = {
			isa = PBXGroup;
			children = (
				080D74A625779C2B007921DB /* main.swift */,
				080D749D25779B99007921DB /* Day 1.swift */,
				080D74A925779C91007921DB /* Day 2.swift */,
				082924832578FCC100344866 /* Day 3.swift */,
				080D74AD25779CA2007921DB /* Inputs */,
			);
			path = "Advent of Code";
			sourceTree = "<group>";
		};
		080D74AD25779CA2007921DB /* Inputs */ = {
			isa = PBXGroup;
			children = (
				08689A612577AD6600DB080C /* Input_day_1.swift */,
				080D74BD2577A11E007921DB /* Input_day_2.swift */,
				082924862578FCD000344866 /* Input_day_3.swift */,
			);
			path = Inputs;
			sourceTree = "<group>";
		};
/* End PBXGroup section */

/* Begin PBXNativeTarget section */
		080D749925779B99007921DB /* Advent of Code */ = {
			isa = PBXNativeTarget;
			buildConfigurationList = 080D74A125779B99007921DB /* Build configuration list for PBXNativeTarget "Advent of Code" */;
			buildPhases = (
				080D749625779B99007921DB /* Sources */,
				080D749725779B99007921DB /* Frameworks */,
				080D749825779B99007921DB /* CopyFiles */,
			);
			buildRules = (
			);
			dependencies = (
			);
			name = "Advent of Code";
			productName = "Advent of Code";
			productReference = 080D749A25779B99007921DB /* Advent of Code */;
			productType = "com.apple.product-type.tool";
		};
/* End PBXNativeTarget section */

/* Begin PBXProject section */
		080D749225779B99007921DB /* Project object */ = {
			isa = PBXProject;
			attributes = {
				LastSwiftUpdateCheck = 1220;
				LastUpgradeCheck = 1220;
				TargetAttributes = {
					080D749925779B99007921DB = {
						CreatedOnToolsVersion = 12.2;
					};
				};
			};
			buildConfigurationList = 080D749525779B99007921DB /* Build configuration list for PBXProject "Advent of Code" */;
			compatibilityVersion = "Xcode 9.3";
			developmentRegion = en;
			hasScannedForEncodings = 0;
			knownRegions = (
				en,
				Base,
			);
			mainGroup = 080D749125779B99007921DB;
			productRefGroup = 080D749B25779B99007921DB /* Products */;
			projectDirPath = "";
			projectRoot = "";
			targets = (
				080D749925779B99007921DB /* Advent of Code */,
			);
		};
/* End PBXProject section */

/* Begin PBXSourcesBuildPhase section */
		080D749625779B99007921DB /* Sources */ = {
			isa = PBXSourcesBuildPhase;
			buildActionMask = 2147483647;
			files = (
				080D74A725779C2B007921DB /* main.swift in Sources */,
				082924842578FCC100344866 /* Day 3.swift in Sources */,
				080D74BE2577A11E007921DB /* Input_day_2.swift in Sources */,
				08689A622577AD6600DB080C /* Input_day_1.swift in Sources */,
				080D74AA25779C91007921DB /* Day 2.swift in Sources */,
				082924872578FCD000344866 /* Input_day_3.swift in Sources */,
				080D749E25779B99007921DB /* Day 1.swift in Sources */,
			);
			runOnlyForDeploymentPostprocessing = 0;
		};
/* End PBXSourcesBuildPhase section */

/* Begin XCBuildConfiguration section */
		080D749F25779B99007921DB /* Debug */ = {
			isa = XCBuildConfiguration;
			buildSettings = {
				ALWAYS_SEARCH_USER_PATHS = NO;
				CLANG_ANALYZER_NONNULL = YES;
				CLANG_ANALYZER_NUMBER_OBJECT_CONVERSION = YES_AGGRESSIVE;
				CLANG_CXX_LANGUAGE_STANDARD = "gnu++14";
				CLANG_CXX_LIBRARY = "libc++";
				CLANG_ENABLE_MODULES = YES;
				CLANG_ENABLE_OBJC_ARC = YES;
				CLANG_ENABLE_OBJC_WEAK = YES;
				CLANG_WARN_BLOCK_CAPTURE_AUTORELEASING = YES;
				CLANG_WARN_BOOL_CONVERSION = YES;
				CLANG_WARN_COMMA = YES;
				CLANG_WARN_CONSTANT_CONVERSION = YES;
				CLANG_WARN_DEPRECATED_OBJC_IMPLEMENTATIONS = YES;
				CLANG_WARN_DIRECT_OBJC_ISA_USAGE = YES_ERROR;
				CLANG_WARN_DOCUMENTATION_COMMENTS = YES;
				CLANG_WARN_EMPTY_BODY = YES;
				CLANG_WARN_ENUM_CONVERSION = YES;
				CLANG_WARN_INFINITE_RECURSION = YES;
				CLANG_WARN_INT_CONVERSION = YES;
				CLANG_WARN_NON_LITERAL_NULL_CONVERSION = YES;
				CLANG_WARN_OBJC_IMPLICIT_RETAIN_SELF = YES;
				CLANG_WARN_OBJC_LITERAL_CONVERSION = YES;
				CLANG_WARN_OBJC_ROOT_CLASS = YES_ERROR;
				CLANG_WARN_QUOTED_INCLUDE_IN_FRAMEWORK_HEADER = YES;
				CLANG_WARN_RANGE_LOOP_ANALYSIS = YES;
				CLANG_WARN_STRICT_PROTOTYPES = YES;
				CLANG_WARN_SUSPICIOUS_MOVE = YES;
				CLANG_WARN_UNGUARDED_AVAILABILITY = YES_AGGRESSIVE;
				CLANG_WARN_UNREACHABLE_CODE = YES;
				CLANG_WARN__DUPLICATE_METHOD_MATCH = YES;
				COPY_PHASE_STRIP = NO;
				DEBUG_INFORMATION_FORMAT = dwarf;
				ENABLE_STRICT_OBJC_MSGSEND = YES;
				ENABLE_TESTABILITY = YES;
				GCC_C_LANGUAGE_STANDARD = gnu11;
				GCC_DYNAMIC_NO_PIC = NO;
				GCC_NO_COMMON_BLOCKS = YES;
				GCC_OPTIMIZATION_LEVEL = 0;
				GCC_PREPROCESSOR_DEFINITIONS = (
					"DEBUG=1",
					"$(inherited)",
				);
				GCC_WARN_64_TO_32_BIT_CONVERSION = YES;
				GCC_WARN_ABOUT_RETURN_TYPE = YES_ERROR;
				GCC_WARN_UNDECLARED_SELECTOR = YES;
				GCC_WARN_UNINITIALIZED_AUTOS = YES_AGGRESSIVE;
				GCC_WARN_UNUSED_FUNCTION = YES;
				GCC_WARN_UNUSED_VARIABLE = YES;
				MACOSX_DEPLOYMENT_TARGET = 11.0;
				MTL_ENABLE_DEBUG_INFO = INCLUDE_SOURCE;
				MTL_FAST_MATH = YES;
				ONLY_ACTIVE_ARCH = YES;
				SDKROOT = macosx;
				SWIFT_ACTIVE_COMPILATION_CONDITIONS = DEBUG;
				SWIFT_OPTIMIZATION_LEVEL = "-Onone";
			};
			name = Debug;
		};
		080D74A025779B99007921DB /* Release */ = {
			isa = XCBuildConfiguration;
			buildSettings = {
				ALWAYS_SEARCH_USER_PATHS = NO;
				CLANG_ANALYZER_NONNULL = YES;
				CLANG_ANALYZER_NUMBER_OBJECT_CONVERSION = YES_AGGRESSIVE;
				CLANG_CXX_LANGUAGE_STANDARD = "gnu++14";
				CLANG_CXX_LIBRARY = "libc++";
				CLANG_ENABLE_MODULES = YES;
				CLANG_ENABLE_OBJC_ARC = YES;
				CLANG_ENABLE_OBJC_WEAK = YES;
				CLANG_WARN_BLOCK_CAPTURE_AUTORELEASING = YES;
				CLANG_WARN_BOOL_CONVERSION = YES;
				CLANG_WARN_COMMA = YES;
				CLANG_WARN_CONSTANT_CONVERSION = YES;
				CLANG_WARN_DEPRECATED_OBJC_IMPLEMENTATIONS = YES;
				CLANG_WARN_DIRECT_OBJC_ISA_USAGE = YES_ERROR;
				CLANG_WARN_DOCUMENTATION_COMMENTS = YES;
				CLANG_WARN_EMPTY_BODY = YES;
				CLANG_WARN_ENUM_CONVERSION = YES;
				CLANG_WARN_INFINITE_RECURSION = YES;
				CLANG_WARN_INT_CONVERSION = YES;
				CLANG_WARN_NON_LITERAL_NULL_CONVERSION = YES;
				CLANG_WARN_OBJC_IMPLICIT_RETAIN_SELF = YES;
				CLANG_WARN_OBJC_LITERAL_CONVERSION = YES;
				CLANG_WARN_OBJC_ROOT_CLASS = YES_ERROR;
				CLANG_WARN_QUOTED_INCLUDE_IN_FRAMEWORK_HEADER = YES;
				CLANG_WARN_RANGE_LOOP_ANALYSIS = YES;
				CLANG_WARN_STRICT_PROTOTYPES = YES;
				CLANG_WARN_SUSPICIOUS_MOVE = YES;
				CLANG_WARN_UNGUARDED_AVAILABILITY = YES_AGGRESSIVE;
				CLANG_WARN_UNREACHABLE_CODE = YES;
				CLANG_WARN__DUPLICATE_METHOD_MATCH = YES;
				COPY_PHASE_STRIP = NO;
				DEBUG_INFORMATION_FORMAT = "dwarf-with-dsym";
				ENABLE_NS_ASSERTIONS = NO;
				ENABLE_STRICT_OBJC_MSGSEND = YES;
				GCC_C_LANGUAGE_STANDARD = gnu11;
				GCC_NO_COMMON_BLOCKS = YES;
				GCC_WARN_64_TO_32_BIT_CONVERSION = YES;
				GCC_WARN_ABOUT_RETURN_TYPE = YES_ERROR;
				GCC_WARN_UNDECLARED_SELECTOR = YES;
				GCC_WARN_UNINITIALIZED_AUTOS = YES_AGGRESSIVE;
				GCC_WARN_UNUSED_FUNCTION = YES;
				GCC_WARN_UNUSED_VARIABLE = YES;
				MACOSX_DEPLOYMENT_TARGET = 11.0;
				MTL_ENABLE_DEBUG_INFO = NO;
				MTL_FAST_MATH = YES;
				SDKROOT = macosx;
				SWIFT_COMPILATION_MODE = wholemodule;
				SWIFT_OPTIMIZATION_LEVEL = "-O";
			};
			name = Release;
		};
		080D74A225779B99007921DB /* Debug */ = {
			isa = XCBuildConfiguration;
			buildSettings = {
				CODE_SIGN_STYLE = Automatic;
				DEVELOPMENT_TEAM = X73VTM749K;
				ENABLE_HARDENED_RUNTIME = YES;
				PRODUCT_NAME = "$(TARGET_NAME)";
				SWIFT_VERSION = 5.0;
			};
			name = Debug;
		};
		080D74A325779B99007921DB /* Release */ = {
			isa = XCBuildConfiguration;
			buildSettings = {
				CODE_SIGN_STYLE = Automatic;
				DEVELOPMENT_TEAM = X73VTM749K;
				ENABLE_HARDENED_RUNTIME = YES;
				PRODUCT_NAME = "$(TARGET_NAME)";
				SWIFT_VERSION = 5.0;
			};
			name = Release;
		};
/* End XCBuildConfiguration section */

/* Begin XCConfigurationList section */
		080D749525779B99007921DB /* Build configuration list for PBXProject "Advent of Code" */ = {
			isa = XCConfigurationList;
			buildConfigurations = (
				080D749F25779B99007921DB /* Debug */,
				080D74A025779B99007921DB /* Release */,
			);
			defaultConfigurationIsVisible = 0;
			defaultConfigurationName = Release;
		};
		080D74A125779B99007921DB /* Build configuration list for PBXNativeTarget "Advent of Code" */ = {
			isa = XCConfigurationList;
			buildConfigurations = (
				080D74A225779B99007921DB /* Debug */,
				080D74A325779B99007921DB /* Release */,
			);
			defaultConfigurationIsVisible = 0;
			defaultConfigurationName = Release;
		};
/* End XCConfigurationList section */
	};
	rootObject = 080D749225779B99007921DB /* Project object */;
}
